{
  "name": "Incidents-Management-System",
  "lockfileVersion": 3,
  "requires": true,
  "packages": {
    "": {
      "dependencies": {
        "react-image-size": "^2.0.2"
      }
    },
    "node_modules/react-image-size": {
      "version": "2.0.2",
      "resolved": "https://registry.npmjs.org/react-image-size/-/react-image-size-2.0.2.tgz",
      "integrity": "sha512-j2ZhFsY5n8HAU43ZrhvDOkGBhAY0IJX2DjajmwF+TdXuZ/lGHuhmqj5/88o1M+yL8Un5oNSLjBRH5XikWiiHlA==",
      "peerDependencies": {
        "react": ">=16.8.0",
        "react-dom": ">=16.8.0"
      }
    }
  }
}
